{
  "version": "4",
  "specifiers": {
    "npm:preact-render-to-string@^6.5.13": "6.5.13_preact@10.26.0",
    "npm:preact@^10.25.4": "10.26.0"
  },
  "npm": {
    "preact-render-to-string@6.5.13_preact@10.26.0": {
      "integrity": "sha512-iGPd+hKPMFKsfpR2vL4kJ6ZPcFIoWZEcBf0Dpm3zOpdVvj77aY8RlLiQji5OMrngEyaxGogeakTb54uS2FvA6w==",
      "dependencies": [
        "preact"
      ]
    },
    "preact@10.26.0": {
      "integrity": "sha512-6ugi/Mb7lyV5RA6KlnijFyDLMU253i7L0RRiObIzDoqj59KT9iTeNJbA/YGw6M7jP4vxaab0DOA8DgodTOA6EQ=="
    }
  },
  "workspace": {
    "dependencies": [
      "jsr:@mage/app@0.4",
      "jsr:@std/assert@^1.0.11",
      "jsr:@std/expect@^1.0.13",
      "jsr:@std/fs@^1.0.11",
      "jsr:@std/http@^1.0.13",
      "jsr:@std/path@^1.0.8",
      "jsr:@std/testing@^1.0.8",
      "npm:preact-render-to-string@^6.5.13",
      "npm:preact@^10.25.4"
    ]
  }
}
